
Microsoft Visual Studio Solution File, Format Version 12.00
# Visual Studio Version 17
VisualStudioVersion = 17.11.35208.52
MinimumVisualStudioVersion = 10.0.40219.1
Project("{FAE04EC0-301F-11D3-BF4B-00C04F79EFBC}") = "Assigment7-161413", "Assigment7-161413\Assigment7-161413.csproj", "{5020EAA8-B3DE-4C66-A7FE-45130D6E92AA}"
EndProject
Global
	GlobalSection(SolutionConfigurationPlatforms) = preSolution
		Debug|Any CPU = Debug|Any CPU
		Release|Any CPU = Release|Any CPU
	EndGlobalSection
	GlobalSection(ProjectConfigurationPlatforms) = postSolution
		{5020EAA8-B3DE-4C66-A7FE-45130D6E92AA}.Debug|Any CPU.ActiveCfg = Debug|Any CPU
		{5020EAA8-B3DE-4C66-A7FE-45130D6E92AA}.Debug|Any CPU.Build.0 = Debug|Any CPU
		{5020EAA8-B3DE-4C66-A7FE-45130D6E92AA}.Release|Any CPU.ActiveCfg = Release|Any CPU
		{5020EAA8-B3DE-4C66-A7FE-45130D6E92AA}.Release|Any CPU.Build.0 = Release|Any CPU
	EndGlobalSection
	GlobalSection(SolutionProperties) = preSolution
		HideSolutionNode = FALSE
	EndGlobalSection
	GlobalSection(ExtensibilityGlobals) = postSolution
		SolutionGuid = {417735D1-816D-4F7C-B42D-B483B591C186}
	EndGlobalSection
EndGlobal
